// !$*UTF8*$!
{
	archiveVersion = 1;
	classes = {
	};
	objectVersion = 77;
	objects = {

/* Begin PBXBuildFile section */
		EA84EMBF22F8BECDC00FDCDAE /* MileMateWidgets.appex in Embed Foundation Extensions */ = {isa = PBXBuildFile; fileRef = EA84WAPP22F8BECDC00FDCDAE /* MileMateWidgets.appex */; settings = {ATTRIBUTES = (CodeSignOnCopy, RemoveHeadersOnCopy, ); }; };
		EAFE7A282F8FDAAC00AF6885 /* MileMateLiveActivityAttributes in Frameworks */ = {isa = PBXBuildFile; productRef = EA84PROD02F8BECDC00FDCDAE /* MileMateLiveActivityAttributes */; };
		EAFE7A292F8FDAAC00AF6885 /* MileMateLiveActivityAttributes in Frameworks */ = {isa = PBXBuildFile; productRef = EA84PROD02F8BECDC00FDCDAE /* MileMateLiveActivityAttributes */; };
/* End PBXBuildFile section */

/* Begin PBXContainerItemProxy section */
		EA84PROY22F8BECDC00FDCDAE /* PBXContainerItemProxy */ = {
			isa = PBXContainerItemProxy;
			containerPortal = EA8499BC2F8BECDC00FDCDAE /* Project object */;
			proxyType = 1;
			remoteGlobalIDString = EA84WTGT22F8BECDC00FDCDAE;
			remoteInfo = MileMateWidgets;
		};
/* End PBXContainerItemProxy section */

/* Begin PBXCopyFilesBuildPhase section */
		EA84EMBD22F8BECDC00FDCDAE /* Embed Foundation Extensions */ = {
			isa = PBXCopyFilesBuildPhase;
			buildActionMask = 2147483647;
			dstPath = "";
			dstSubfolderSpec = 13;
			files = (
				EA84EMBF22F8BECDC00FDCDAE /* MileMateWidgets.appex in Embed Foundation Extensions */,
			);
			name = "Embed Foundation Extensions";
			runOnlyForDeploymentPostprocessing = 0;
		};
/* End PBXCopyFilesBuildPhase section */

/* Begin PBXFileReference section */
		EA8499C42F8BECDC00FDCDAE /* MileMate.app */ = {isa = PBXFileReference; explicitFileType = wrapper.application; includeInIndex = 0; path = MileMate.app; sourceTree = BUILT_PRODUCTS_DIR; };
		EA84WAPP22F8BECDC00FDCDAE /* MileMateWidgets.appex */ = {isa = PBXFileReference; explicitFileType = "wrapper.app-extension"; includeInIndex = 0; path = MileMateWidgets.appex; sourceTree = BUILT_PRODUCTS_DIR; };
/* End PBXFileReference section */

/* Begin PBXFileSystemSynchronizedBuildFileExceptionSet section */
		EA8499D22F8BECDC00FDCDAE /* Exceptions for "MileMate" folder in "MileMate" target */ = {
			isa = PBXFileSystemSynchronizedBuildFileExceptionSet;
			membershipExceptions = (
				Info.plist,
			);
			target = EA8499C32F8BECDC00FDCDAE /* MileMate */;
		};
		EA84WEXC22F8BECDC00FDCDAE /* Exceptions for "MileMateWidgets" folder in "MileMateWidgets" target */ = {
			isa = PBXFileSystemSynchronizedBuildFileExceptionSet;
			membershipExceptions = (
				Info.plist,
			);
			target = EA84WTGT22F8BECDC00FDCDAE /* MileMateWidgets */;
		};
/* End PBXFileSystemSynchronizedBuildFileExceptionSet section */

/* Begin PBXFileSystemSynchronizedRootGroup section */
		EA8499C62F8BECDC00FDCDAE /* MileMate */ = {
			isa = PBXFileSystemSynchronizedRootGroup;
			exceptions = (
				EA8499D22F8BECDC00FDCDAE /* Exceptions for "MileMate" folder in "MileMate" target */,
			);
			path = MileMate;
			sourceTree = "<group>";
		};
		EA84WGRP22F8BECDC00FDCDAE /* MileMateWidgets */ = {
			isa = PBXFileSystemSynchronizedRootGroup;
			exceptions = (
				EA84WEXC22F8BECDC00FDCDAE /* Exceptions for "MileMateWidgets" folder in "MileMateWidgets" target */,
			);
			path = MileMateWidgets;
			sourceTree = "<group>";
		};
/* End PBXFileSystemSynchronizedRootGroup section */

/* Begin PBXFrameworksBuildPhase section */
		EA8499C12F8BECDC00FDCDAE /* Frameworks */ = {
			isa = PBXFrameworksBuildPhase;
			buildActionMask = 2147483647;
			files = (
				EAFE7A282F8FDAAC00AF6885 /* MileMateLiveActivityAttributes in Frameworks */,
			);
			runOnlyForDeploymentPostprocessing = 0;
		};
		EA84WFRP22F8BECDC00FDCDAE /* Frameworks */ = {
			isa = PBXFrameworksBuildPhase;
			buildActionMask = 2147483647;
			files = (
				EAFE7A292F8FDAAC00AF6885 /* MileMateLiveActivityAttributes in Frameworks */,
			);
			runOnlyForDeploymentPostprocessing = 0;
		};
/* End PBXFrameworksBuildPhase section */

/* Begin PBXGroup section */
		EA8499BB2F8BECDC00FDCDAE = {
			isa = PBXGroup;
			children = (
				EA8499C62F8BECDC00FDCDAE /* MileMate */,
				EA84WGRP22F8BECDC00FDCDAE /* MileMateWidgets */,
				EA8499C52F8BECDC00FDCDAE /* Products */,
			);
			sourceTree = "<group>";
		};
		EA8499C52F8BECDC00FDCDAE /* Products */ = {
			isa = PBXGroup;
			children = (
				EA8499C42F8BECDC00FDCDAE /* MileMate.app */,
				EA84WAPP22F8BECDC00FDCDAE /* MileMateWidgets.appex */,
			);
			name = Products;
			sourceTree = "<group>";
		};
/* End PBXGroup section */

/* Begin PBXNativeTarget section */
		EA8499C32F8BECDC00FDCDAE /* MileMate */ = {
			isa = PBXNativeTarget;
			buildConfigurationList = EA8499CF2F8BECDC00FDCDAE /* Build configuration list for PBXNativeTarget "MileMate" */;
			buildPhases = (
				EA8499C02F8BECDC00FDCDAE /* Sources */,
				EA8499C12F8BECDC00FDCDAE /* Frameworks */,
				EA8499C22F8BECDC00FDCDAE /* Resources */,
				EA84EMBD22F8BECDC00FDCDAE /* Embed Foundation Extensions */,
			);
			buildRules = (
			);
			dependencies = (
				EA84DEPT22F8BECDC00FDCDAE /* PBXTargetDependency */,
			);
			fileSystemSynchronizedGroups = (
				EA8499C62F8BECDC00FDCDAE /* MileMate */,
			);
			name = MileMate;
			packageProductDependencies = (
				EA84PROD02F8BECDC00FDCDAE /* MileMateLiveActivityAttributes */,
			);
			productName = MileMate;
			productReference = EA8499C42F8BECDC00FDCDAE /* MileMate.app */;
			productType = "com.apple.product-type.application";
		};
		EA84WTGT22F8BECDC00FDCDAE /* MileMateWidgets */ = {
			isa = PBXNativeTarget;
			buildConfigurationList = EA84WBLI22F8BECDC00FDCDAE /* Build configuration list for PBXNativeTarget "MileMateWidgets" */;
			buildPhases = (
				EA84WSHP22F8BECDC00FDCDAE /* Sources */,
				EA84WFRP22F8BECDC00FDCDAE /* Frameworks */,
				EA84WRBP22F8BECDC00FDCDAE /* Resources */,
			);
			buildRules = (
			);
			dependencies = (
			);
			fileSystemSynchronizedGroups = (
				EA84WGRP22F8BECDC00FDCDAE /* MileMateWidgets */,
			);
			name = MileMateWidgets;
			packageProductDependencies = (
				EA84PROD02F8BECDC00FDCDAE /* MileMateLiveActivityAttributes */,
			);
			productName = MileMateWidgets;
			productReference = EA84WAPP22F8BECDC00FDCDAE /* MileMateWidgets.appex */;
			productType = "com.apple.product-type.app-extension";
		};
/* End PBXNativeTarget section */

/* Begin PBXProject section */
		EA8499BC2F8BECDC00FDCDAE /* Project object */ = {
			isa = PBXProject;
			attributes = {
				BuildIndependentTargetsInParallel = 1;
				LastSwiftUpdateCheck = 2640;
				LastUpgradeCheck = 2640;
				TargetAttributes = {
					EA8499C32F8BECDC00FDCDAE = {
						CreatedOnToolsVersion = 26.4;
					};
					EA84WTGT22F8BECDC00FDCDAE = {
						CreatedOnToolsVersion = 26.4;
					};
				};
			};
			buildConfigurationList = EA8499BF2F8BECDC00FDCDAE /* Build configuration list for PBXProject "MileMate" */;
			developmentRegion = en;
			hasScannedForEncodings = 0;
			knownRegions = (
				en,
				Base,
			);
			mainGroup = EA8499BB2F8BECDC00FDCDAE;
			minimizedProjectReferenceProxies = 1;
			packageReferences = (
				EA84PKG002F8BECDC00FDCDAE /* XCLocalSwiftPackageReference "MileMateLiveActivityAttributes" */,
			);
			preferredProjectObjectVersion = 77;
			productRefGroup = EA8499C52F8BECDC00FDCDAE /* Products */;
			projectDirPath = "";
			projectRoot = "";
			targets = (
				EA8499C32F8BECDC00FDCDAE /* MileMate */,
				EA84WTGT22F8BECDC00FDCDAE /* MileMateWidgets */,
			);
		};
/* End PBXProject section */

/* Begin PBXResourcesBuildPhase section */
		EA8499C22F8BECDC00FDCDAE /* Resources */ = {
			isa = PBXResourcesBuildPhase;
			buildActionMask = 2147483647;
			files = (
			);
			runOnlyForDeploymentPostprocessing = 0;
		};
		EA84WRBP22F8BECDC00FDCDAE /* Resources */ = {
			isa = PBXResourcesBuildPhase;
			buildActionMask = 2147483647;
			files = (
			);
			runOnlyForDeploymentPostprocessing = 0;
		};
/* End PBXResourcesBuildPhase section */

/* Begin PBXSourcesBuildPhase section */
		EA8499C02F8BECDC00FDCDAE /* Sources */ = {
			isa = PBXSourcesBuildPhase;
			buildActionMask = 2147483647;
			files = (
			);
			runOnlyForDeploymentPostprocessing = 0;
		};
		EA84WSHP22F8BECDC00FDCDAE /* Sources */ = {
			isa = PBXSourcesBuildPhase;
			buildActionMask = 2147483647;
			files = (
			);
			runOnlyForDeploymentPostprocessing = 0;
		};
/* End PBXSourcesBuildPhase section */

/* Begin PBXTargetDependency section */
		EA84DEPT22F8BECDC00FDCDAE /* PBXTargetDependency */ = {
			isa = PBXTargetDependency;
			target = EA84WTGT22F8BECDC00FDCDAE /* MileMateWidgets */;
			targetProxy = EA84PROY22F8BECDC00FDCDAE /* PBXContainerItemProxy */;
		};
/* End PBXTargetDependency section */

/* Begin XCBuildConfiguration section */
		EA8499CD2F8BECDC00FDCDAE /* Debug */ = {
			isa = XCBuildConfiguration;
			buildSettings = {
				ALWAYS_SEARCH_USER_PATHS = NO;
				ASSETCATALOG_COMPILER_GENERATE_SWIFT_ASSET_SYMBOL_EXTENSIONS = YES;
				CLANG_ANALYZER_NONNULL = YES;
				CLANG_ANALYZER_NUMBER_OBJECT_CONVERSION = YES_AGGRESSIVE;
				CLANG_CXX_LANGUAGE_STANDARD = "gnu++20";
				CLANG_ENABLE_MODULES = YES;
				CLANG_ENABLE_OBJC_ARC = YES;
				CLANG_ENABLE_OBJC_WEAK = YES;
				CLANG_WARN_BLOCK_CAPTURE_AUTORELEASING = YES;
				CLANG_WARN_BOOL_CONVERSION = YES;
				CLANG_WARN_COMMA = YES;
				CLANG_WARN_CONSTANT_CONVERSION = YES;
				CLANG_WARN_DEPRECATED_OBJC_IMPLEMENTATIONS = YES;
				CLANG_WARN_DIRECT_OBJC_ISA_USAGE = YES_ERROR;
				CLANG_WARN_DOCUMENTATION_COMMENTS = YES;
				CLANG_WARN_EMPTY_BODY = YES;
				CLANG_WARN_ENUM_CONVERSION = YES;
				CLANG_WARN_INFINITE_RECURSION = YES;
				CLANG_WARN_INT_CONVERSION = YES;
				CLANG_WARN_NON_LITERAL_NULL_CONVERSION = YES;
				CLANG_WARN_OBJC_IMPLICIT_RETAIN_SELF = YES;
				CLANG_WARN_OBJC_LITERAL_CONVERSION = YES;
				CLANG_WARN_OBJC_ROOT_CLASS = YES_ERROR;
				CLANG_WARN_QUOTED_INCLUDE_IN_FRAMEWORK_HEADER = YES;
				CLANG_WARN_RANGE_LOOP_ANALYSIS = YES;
				CLANG_WARN_STRICT_PROTOTYPES = YES;
				CLANG_WARN_SUSPICIOUS_MOVE = YES;
				CLANG_WARN_UNGUARDED_AVAILABILITY = YES_AGGRESSIVE;
				CLANG_WARN_UNREACHABLE_CODE = YES;
				CLANG_WARN__DUPLICATE_METHOD_MATCH = YES;
				COPY_PHASE_STRIP = NO;
				DEBUG_INFORMATION_FORMAT = dwarf;
				DEVELOPMENT_TEAM = 26WWUJXH9Z;
				ENABLE_STRICT_OBJC_MSGSEND = YES;
				ENABLE_TESTABILITY = YES;
				ENABLE_USER_SCRIPT_SANDBOXING = YES;
				GCC_C_LANGUAGE_STANDARD = gnu17;
				GCC_DYNAMIC_NO_PIC = NO;
				GCC_NO_COMMON_BLOCKS = YES;
				GCC_OPTIMIZATION_LEVEL = 0;
				GCC_PREPROCESSOR_DEFINITIONS = (
					"DEBUG=1",
					"$(inherited)",
				);
				GCC_WARN_64_TO_32_BIT_CONVERSION = YES;
				GCC_WARN_ABOUT_RETURN_TYPE = YES_ERROR;
				GCC_WARN_UNDECLARED_SELECTOR = YES;
				GCC_WARN_UNINITIALIZED_AUTOS = YES_AGGRESSIVE;
				GCC_WARN_UNUSED_FUNCTION = YES;
				GCC_WARN_UNUSED_VARIABLE = YES;
				IPHONEOS_DEPLOYMENT_TARGET = 26.4;
				LOCALIZATION_PREFERS_STRING_CATALOGS = YES;
				MTL_ENABLE_DEBUG_INFO = INCLUDE_SOURCE;
				MTL_FAST_MATH = YES;
				ONLY_ACTIVE_ARCH = YES;
				SDKROOT = iphoneos;
				STRING_CATALOG_GENERATE_SYMBOLS = YES;
				SWIFT_ACTIVE_COMPILATION_CONDITIONS = "DEBUG $(inherited)";
				SWIFT_OPTIMIZATION_LEVEL = "-Onone";
			};
			name = Debug;
		};
		EA8499CE2F8BECDC00FDCDAE /* Release */ = {
			isa = XCBuildConfiguration;
			buildSettings = {
				ALWAYS_SEARCH_USER_PATHS = NO;
				ASSETCATALOG_COMPILER_GENERATE_SWIFT_ASSET_SYMBOL_EXTENSIONS = YES;
				CLANG_ANALYZER_NONNULL = YES;
				CLANG_ANALYZER_NUMBER_OBJECT_CONVERSION = YES_AGGRESSIVE;
				CLANG_CXX_LANGUAGE_STANDARD = "gnu++20";
				CLANG_ENABLE_MODULES = YES;
				CLANG_ENABLE_OBJC_ARC = YES;
				CLANG_ENABLE_OBJC_WEAK = YES;
				CLANG_WARN_BLOCK_CAPTURE_AUTORELEASING = YES;
				CLANG_WARN_BOOL_CONVERSION = YES;
				CLANG_WARN_COMMA = YES;
				CLANG_WARN_CONSTANT_CONVERSION = YES;
				CLANG_WARN_DEPRECATED_OBJC_IMPLEMENTATIONS = YES;
				CLANG_WARN_DIRECT_OBJC_ISA_USAGE = YES_ERROR;
				CLANG_WARN_DOCUMENTATION_COMMENTS = YES;
				CLANG_WARN_EMPTY_BODY = YES;
				CLANG_WARN_ENUM_CONVERSION = YES;
				CLANG_WARN_INFINITE_RECURSION = YES;
				CLANG_WARN_INT_CONVERSION = YES;
				CLANG_WARN_NON_LITERAL_NULL_CONVERSION = YES;
				CLANG_WARN_OBJC_IMPLICIT_RETAIN_SELF = YES;
				CLANG_WARN_OBJC_LITERAL_CONVERSION = YES;
				CLANG_WARN_OBJC_ROOT_CLASS = YES_ERROR;
				CLANG_WARN_QUOTED_INCLUDE_IN_FRAMEWORK_HEADER = YES;
				CLANG_WARN_RANGE_LOOP_ANALYSIS = YES;
				CLANG_WARN_STRICT_PROTOTYPES = YES;
				CLANG_WARN_SUSPICIOUS_MOVE = YES;
				CLANG_WARN_UNGUARDED_AVAILABILITY = YES_AGGRESSIVE;
				CLANG_WARN_UNREACHABLE_CODE = YES;
				CLANG_WARN__DUPLICATE_METHOD_MATCH = YES;
				COPY_PHASE_STRIP = NO;
				DEBUG_INFORMATION_FORMAT = "dwarf-with-dsym";
				DEVELOPMENT_TEAM = 26WWUJXH9Z;
				ENABLE_NS_ASSERTIONS = NO;
				ENABLE_STRICT_OBJC_MSGSEND = YES;
				ENABLE_USER_SCRIPT_SANDBOXING = YES;
				GCC_C_LANGUAGE_STANDARD = gnu17;
				GCC_NO_COMMON_BLOCKS = YES;
				GCC_WARN_64_TO_32_BIT_CONVERSION = YES;
				GCC_WARN_ABOUT_RETURN_TYPE = YES_ERROR;
				GCC_WARN_UNDECLARED_SELECTOR = YES;
				GCC_WARN_UNINITIALIZED_AUTOS = YES_AGGRESSIVE;
				GCC_WARN_UNUSED_FUNCTION = YES;
				GCC_WARN_UNUSED_VARIABLE = YES;
				IPHONEOS_DEPLOYMENT_TARGET = 26.4;
				LOCALIZATION_PREFERS_STRING_CATALOGS = YES;
				MTL_ENABLE_DEBUG_INFO = NO;
				MTL_FAST_MATH = YES;
				SDKROOT = iphoneos;
				STRING_CATALOG_GENERATE_SYMBOLS = YES;
				SWIFT_COMPILATION_MODE = wholemodule;
				VALIDATE_PRODUCT = YES;
			};
			name = Release;
		};
		EA8499D02F8BECDC00FDCDAE /* Debug */ = {
			isa = XCBuildConfiguration;
			buildSettings = {
				ASSETCATALOG_COMPILER_APPICON_NAME = AppIcon;
				ASSETCATALOG_COMPILER_GLOBAL_ACCENT_COLOR_NAME = AccentColor;
				CODE_SIGN_STYLE = Automatic;
				CURRENT_PROJECT_VERSION = 1;
				ENABLE_PREVIEWS = YES;
				GENERATE_INFOPLIST_FILE = YES;
				INFOPLIST_FILE = MileMate/Info.plist;
				INFOPLIST_KEY_NSBonjourServices = _http._tcp;
				INFOPLIST_KEY_NSLocalNetworkUsageDescription = "用于在本地网络环境下发现并连接相关服务，以便在中国大陆网络条件下更稳定地使用地图与行程记录。";
				INFOPLIST_KEY_NSLocationAlwaysAndWhenInUseUsageDescription = "在后台持续记录驾车轨迹与里程，便于报销；锁屏或切换其他应用时仍需定位权限。";
				INFOPLIST_KEY_NSLocationWhenInUseUsageDescription = "在地图上显示当前位置，并记录行车轨迹与里程以便报销。";
				INFOPLIST_KEY_NSSupportsLiveActivities = YES;
				INFOPLIST_KEY_UIApplicationSceneManifest_Generation = YES;
				INFOPLIST_KEY_UIApplicationSupportsIndirectInputEvents = YES;
				INFOPLIST_KEY_UILaunchScreen_Generation = YES;
				INFOPLIST_KEY_UISupportedInterfaceOrientations_iPad = "UIInterfaceOrientationPortrait UIInterfaceOrientationPortraitUpsideDown UIInterfaceOrientationLandscapeLeft UIInterfaceOrientationLandscapeRight";
				INFOPLIST_KEY_UISupportedInterfaceOrientations_iPhone = "UIInterfaceOrientationPortrait UIInterfaceOrientationLandscapeLeft UIInterfaceOrientationLandscapeRight";
				LD_RUNPATH_SEARCH_PATHS = (
					"$(inherited)",
					"@executable_path/Frameworks",
				);
				MARKETING_VERSION = 1.0;
				PRODUCT_BUNDLE_IDENTIFIER = RuitongFuture.MileMate;
				PRODUCT_NAME = "$(TARGET_NAME)";
				STRING_CATALOG_GENERATE_SYMBOLS = YES;
				SWIFT_APPROACHABLE_CONCURRENCY = YES;
				SWIFT_DEFAULT_ACTOR_ISOLATION = MainActor;
				SWIFT_EMIT_LOC_STRINGS = YES;
				SWIFT_UPCOMING_FEATURE_MEMBER_IMPORT_VISIBILITY = YES;
				SWIFT_VERSION = 5.0;
				TARGETED_DEVICE_FAMILY = "1,2";
			};
			name = Debug;
		};
		EA8499D12F8BECDC00FDCDAE /* Release */ = {
			isa = XCBuildConfiguration;
			buildSettings = {
				ASSETCATALOG_COMPILER_APPICON_NAME = AppIcon;
				ASSETCATALOG_COMPILER_GLOBAL_ACCENT_COLOR_NAME = AccentColor;
				CODE_SIGN_STYLE = Automatic;
				CURRENT_PROJECT_VERSION = 1;
				ENABLE_PREVIEWS = YES;
				GENERATE_INFOPLIST_FILE = YES;
				INFOPLIST_FILE = MileMate/Info.plist;
				INFOPLIST_KEY_NSBonjourServices = _http._tcp;
				INFOPLIST_KEY_NSLocalNetworkUsageDescription = "用于在本地网络环境下发现并连接相关服务，以便在中国大陆网络条件下更稳定地使用地图与行程记录。";
				INFOPLIST_KEY_NSLocationAlwaysAndWhenInUseUsageDescription = "在后台持续记录驾车轨迹与里程，便于报销；锁屏或切换其他应用时仍需定位权限。";
				INFOPLIST_KEY_NSLocationWhenInUseUsageDescription = "在地图上显示当前位置，并记录行车轨迹与里程以便报销。";
				INFOPLIST_KEY_NSSupportsLiveActivities = YES;
				INFOPLIST_KEY_UIApplicationSceneManifest_Generation = YES;
				INFOPLIST_KEY_UIApplicationSupportsIndirectInputEvents = YES;
				INFOPLIST_KEY_UILaunchScreen_Generation = YES;
				INFOPLIST_KEY_UISupportedInterfaceOrientations_iPad = "UIInterfaceOrientationPortrait UIInterfaceOrientationPortraitUpsideDown UIInterfaceOrientationLandscapeLeft UIInterfaceOrientationLandscapeRight";
				INFOPLIST_KEY_UISupportedInterfaceOrientations_iPhone = "UIInterfaceOrientationPortrait UIInterfaceOrientationLandscapeLeft UIInterfaceOrientationLandscapeRight";
				LD_RUNPATH_SEARCH_PATHS = (
					"$(inherited)",
					"@executable_path/Frameworks",
				);
				MARKETING_VERSION = 1.0;
				PRODUCT_BUNDLE_IDENTIFIER = RuitongFuture.MileMate;
				PRODUCT_NAME = "$(TARGET_NAME)";
				STRING_CATALOG_GENERATE_SYMBOLS = YES;
				SWIFT_APPROACHABLE_CONCURRENCY = YES;
				SWIFT_DEFAULT_ACTOR_ISOLATION = MainActor;
				SWIFT_EMIT_LOC_STRINGS = YES;
				SWIFT_UPCOMING_FEATURE_MEMBER_IMPORT_VISIBILITY = YES;
				SWIFT_VERSION = 5.0;
				TARGETED_DEVICE_FAMILY = "1,2";
			};
			name = Release;
		};
		EA84WDEB22F8BECDC00FDCDAE /* Debug */ = {
			isa = XCBuildConfiguration;
			buildSettings = {
				CODE_SIGN_STYLE = Automatic;
				CURRENT_PROJECT_VERSION = 1;
				GENERATE_INFOPLIST_FILE = YES;
				INFOPLIST_FILE = MileMateWidgets/Info.plist;
				INFOPLIST_KEY_CFBundleDisplayName = MileMate;
				IPHONEOS_DEPLOYMENT_TARGET = 26.4;
				LD_RUNPATH_SEARCH_PATHS = (
					"$(inherited)",
					"@executable_path/Frameworks",
					"@executable_path/../../Frameworks",
				);
				MARKETING_VERSION = 1.0;
				PRODUCT_BUNDLE_IDENTIFIER = RuitongFuture.MileMate.MileMateWidgets;
				PRODUCT_NAME = "$(TARGET_NAME)";
				SKIP_INSTALL = YES;
				STRING_CATALOG_GENERATE_SYMBOLS = YES;
				SWIFT_APPROACHABLE_CONCURRENCY = YES;
				SWIFT_DEFAULT_ACTOR_ISOLATION = MainActor;
				SWIFT_EMIT_LOC_STRINGS = YES;
				SWIFT_UPCOMING_FEATURE_MEMBER_IMPORT_VISIBILITY = YES;
				SWIFT_VERSION = 5.0;
				TARGETED_DEVICE_FAMILY = "1,2";
			};
			name = Debug;
		};
		EA84WREL22F8BECDC00FDCDAE /* Release */ = {
			isa = XCBuildConfiguration;
			buildSettings = {
				CODE_SIGN_STYLE = Automatic;
				CURRENT_PROJECT_VERSION = 1;
				GENERATE_INFOPLIST_FILE = YES;
				INFOPLIST_FILE = MileMateWidgets/Info.plist;
				INFOPLIST_KEY_CFBundleDisplayName = MileMate;
				IPHONEOS_DEPLOYMENT_TARGET = 26.4;
				LD_RUNPATH_SEARCH_PATHS = (
					"$(inherited)",
					"@executable_path/Frameworks",
					"@executable_path/../../Frameworks",
				);
				MARKETING_VERSION = 1.0;
				PRODUCT_BUNDLE_IDENTIFIER = RuitongFuture.MileMate.MileMateWidgets;
				PRODUCT_NAME = "$(TARGET_NAME)";
				SKIP_INSTALL = YES;
				STRING_CATALOG_GENERATE_SYMBOLS = YES;
				SWIFT_APPROACHABLE_CONCURRENCY = YES;
				SWIFT_DEFAULT_ACTOR_ISOLATION = MainActor;
				SWIFT_EMIT_LOC_STRINGS = YES;
				SWIFT_UPCOMING_FEATURE_MEMBER_IMPORT_VISIBILITY = YES;
				SWIFT_VERSION = 5.0;
				TARGETED_DEVICE_FAMILY = "1,2";
			};
			name = Release;
		};
/* End XCBuildConfiguration section */

/* Begin XCConfigurationList section */
		EA8499BF2F8BECDC00FDCDAE /* Build configuration list for PBXProject "MileMate" */ = {
			isa = XCConfigurationList;
			buildConfigurations = (
				EA8499CD2F8BECDC00FDCDAE /* Debug */,
				EA8499CE2F8BECDC00FDCDAE /* Release */,
			);
			defaultConfigurationIsVisible = 0;
			defaultConfigurationName = Release;
		};
		EA8499CF2F8BECDC00FDCDAE /* Build configuration list for PBXNativeTarget "MileMate" */ = {
			isa = XCConfigurationList;
			buildConfigurations = (
				EA8499D02F8BECDC00FDCDAE /* Debug */,
				EA8499D12F8BECDC00FDCDAE /* Release */,
			);
			defaultConfigurationIsVisible = 0;
			defaultConfigurationName = Release;
		};
		EA84WBLI22F8BECDC00FDCDAE /* Build configuration list for PBXNativeTarget "MileMateWidgets" */ = {
			isa = XCConfigurationList;
			buildConfigurations = (
				EA84WDEB22F8BECDC00FDCDAE /* Debug */,
				EA84WREL22F8BECDC00FDCDAE /* Release */,
			);
			defaultConfigurationIsVisible = 0;
			defaultConfigurationName = Release;
		};
/* End XCConfigurationList section */

/* Begin XCLocalSwiftPackageReference section */
		EA84PKG002F8BECDC00FDCDAE /* XCLocalSwiftPackageReference "MileMateLiveActivityAttributes" */ = {
			isa = XCLocalSwiftPackageReference;
			relativePath = MileMateLiveActivityAttributes;
		};
/* End XCLocalSwiftPackageReference section */

/* Begin XCSwiftPackageProductDependency section */
		EA84PROD02F8BECDC00FDCDAE /* MileMateLiveActivityAttributes */ = {
			isa = XCSwiftPackageProductDependency;
			package = EA84PKG002F8BECDC00FDCDAE /* XCLocalSwiftPackageReference "MileMateLiveActivityAttributes" */;
			productName = MileMateLiveActivityAttributes;
		};
/* End XCSwiftPackageProductDependency section */
	};
	rootObject = EA8499BC2F8BECDC00FDCDAE /* Project object */;
}
